// !$*UTF8*$!
{
	archiveVersion = 1;
	classes = {
	};
	objectVersion = 56;
	objects = {

/* Begin PBXBuildFile section */
		064A24332C79AD5B00387D3A /* GSwikiApp.swift in Sources */ = {isa = PBXBuildFile; fileRef = 064A24322C79AD5B00387D3A /* GSwikiApp.swift */; };
		064A24372C79AD5D00387D3A /* Assets.xcassets in Resources */ = {isa = PBXBuildFile; fileRef = 064A24362C79AD5D00387D3A /* Assets.xcassets */; };
		064A243A2C79AD5D00387D3A /* Preview Assets.xcassets in Resources */ = {isa = PBXBuildFile; fileRef = 064A24392C79AD5D00387D3A /* Preview Assets.xcassets */; };
		064A24432C7A1D3700387D3A /* HomeView.swift in Sources */ = {isa = PBXBuildFile; fileRef = 064A24422C7A1D3700387D3A /* HomeView.swift */; };
		067A23DE2C85550300A209C5 /* MainView.swift in Sources */ = {isa = PBXBuildFile; fileRef = 067A23DD2C85550300A209C5 /* MainView.swift */; };
		0695A0B02C7ED04B0082DB7B /* HomeViewModel.swift in Sources */ = {isa = PBXBuildFile; fileRef = 0695A0AF2C7ED04B0082DB7B /* HomeViewModel.swift */; };
		0695A0B42C7F343A0082DB7B /* Tab.swift in Sources */ = {isa = PBXBuildFile; fileRef = 0695A0B32C7F343A0082DB7B /* Tab.swift */; };
		0695A0BA2C7F3CEC0082DB7B /* ClubView.swift in Sources */ = {isa = PBXBuildFile; fileRef = 0695A0B92C7F3CEC0082DB7B /* ClubView.swift */; };
		0695A0BC2C7F3CF50082DB7B /* IssueView.swift in Sources */ = {isa = PBXBuildFile; fileRef = 0695A0BB2C7F3CF50082DB7B /* IssueView.swift */; };
		0695A0BE2C7F3D000082DB7B /* TeacherView.swift in Sources */ = {isa = PBXBuildFile; fileRef = 0695A0BD2C7F3D000082DB7B /* TeacherView.swift */; };
		0695A0C02C7F3D090082DB7B /* StudentView.swift in Sources */ = {isa = PBXBuildFile; fileRef = 0695A0BF2C7F3D090082DB7B /* StudentView.swift */; };
/* End PBXBuildFile section */

/* Begin PBXFileReference section */
		064A242F2C79AD5B00387D3A /* GSwiki.app */ = {isa = PBXFileReference; explicitFileType = wrapper.application; includeInIndex = 0; path = GSwiki.app; sourceTree = BUILT_PRODUCTS_DIR; };
		064A24322C79AD5B00387D3A /* GSwikiApp.swift */ = {isa = PBXFileReference; lastKnownFileType = sourcecode.swift; path = GSwikiApp.swift; sourceTree = "<group>"; };
		064A24362C79AD5D00387D3A /* Assets.xcassets */ = {isa = PBXFileReference; lastKnownFileType = folder.assetcatalog; path = Assets.xcassets; sourceTree = "<group>"; };
		064A24392C79AD5D00387D3A /* Preview Assets.xcassets */ = {isa = PBXFileReference; lastKnownFileType = folder.assetcatalog; path = "Preview Assets.xcassets"; sourceTree = "<group>"; };
		064A24422C7A1D3700387D3A /* HomeView.swift */ = {isa = PBXFileReference; lastKnownFileType = sourcecode.swift; path = HomeView.swift; sourceTree = "<group>"; };
		067A23DD2C85550300A209C5 /* MainView.swift */ = {isa = PBXFileReference; lastKnownFileType = sourcecode.swift; path = MainView.swift; sourceTree = "<group>"; };
		0695A0AF2C7ED04B0082DB7B /* HomeViewModel.swift */ = {isa = PBXFileReference; lastKnownFileType = sourcecode.swift; path = HomeViewModel.swift; sourceTree = "<group>"; };
		0695A0B32C7F343A0082DB7B /* Tab.swift */ = {isa = PBXFileReference; lastKnownFileType = sourcecode.swift; path = Tab.swift; sourceTree = "<group>"; };
		0695A0B92C7F3CEC0082DB7B /* ClubView.swift */ = {isa = PBXFileReference; lastKnownFileType = sourcecode.swift; path = ClubView.swift; sourceTree = "<group>"; };
		0695A0BB2C7F3CF50082DB7B /* IssueView.swift */ = {isa = PBXFileReference; lastKnownFileType = sourcecode.swift; path = IssueView.swift; sourceTree = "<group>"; };
		0695A0BD2C7F3D000082DB7B /* TeacherView.swift */ = {isa = PBXFileReference; lastKnownFileType = sourcecode.swift; path = TeacherView.swift; sourceTree = "<group>"; };
		0695A0BF2C7F3D090082DB7B /* StudentView.swift */ = {isa = PBXFileReference; lastKnownFileType = sourcecode.swift; path = StudentView.swift; sourceTree = "<group>"; };
/* End PBXFileReference section */

/* Begin PBXFrameworksBuildPhase section */
		064A242C2C79AD5B00387D3A /* Frameworks */ = {
			isa = PBXFrameworksBuildPhase;
			buildActionMask = 2147483647;
			files = (
			);
			runOnlyForDeploymentPostprocessing = 0;
		};
/* End PBXFrameworksBuildPhase section */

/* Begin PBXGroup section */
		064A24262C79AD5B00387D3A = {
			isa = PBXGroup;
			children = (
				064A24312C79AD5B00387D3A /* GSwiki */,
				064A24302C79AD5B00387D3A /* Products */,
			);
			sourceTree = "<group>";
		};
		064A24302C79AD5B00387D3A /* Products */ = {
			isa = PBXGroup;
			children = (
				064A242F2C79AD5B00387D3A /* GSwiki.app */,
			);
			name = Products;
			sourceTree = "<group>";
		};
		064A24312C79AD5B00387D3A /* GSwiki */ = {
			isa = PBXGroup;
			children = (
				0695A0B22C7F342A0082DB7B /* Model */,
				064A24402C7A1D0A00387D3A /* Feature */,
				064A24322C79AD5B00387D3A /* GSwikiApp.swift */,
				064A24362C79AD5D00387D3A /* Assets.xcassets */,
				064A24382C79AD5D00387D3A /* Preview Content */,
			);
			path = GSwiki;
			sourceTree = "<group>";
		};
		064A24382C79AD5D00387D3A /* Preview Content */ = {
			isa = PBXGroup;
			children = (
				064A24392C79AD5D00387D3A /* Preview Assets.xcassets */,
			);
			path = "Preview Content";
			sourceTree = "<group>";
		};
		064A24402C7A1D0A00387D3A /* Feature */ = {
			isa = PBXGroup;
			children = (
				067A23DC2C8554F600A209C5 /* Main */,
				0695A0B82C7F3CDF0082DB7B /* Club */,
				0695A0B72C7F3CD80082DB7B /* Issue */,
				0695A0B62C7F3CD20082DB7B /* Teacher */,
				0695A0B52C7F3CCB0082DB7B /* Student */,
				064A24412C7A1D2100387D3A /* Home */,
			);
			path = Feature;
			sourceTree = "<group>";
		};
		064A24412C7A1D2100387D3A /* Home */ = {
			isa = PBXGroup;
			children = (
				064A24422C7A1D3700387D3A /* HomeView.swift */,
				0695A0AF2C7ED04B0082DB7B /* HomeViewModel.swift */,
			);
			path = Home;
			sourceTree = "<group>";
		};
		067A23DC2C8554F600A209C5 /* Main */ = {
			isa = PBXGroup;
			children = (
				067A23DD2C85550300A209C5 /* MainView.swift */,
			);
			path = Main;
			sourceTree = "<group>";
		};
		0695A0B22C7F342A0082DB7B /* Model */ = {
			isa = PBXGroup;
			children = (
				0695A0B32C7F343A0082DB7B /* Tab.swift */,
			);
			path = Model;
			sourceTree = "<group>";
		};
		0695A0B52C7F3CCB0082DB7B /* Student */ = {
			isa = PBXGroup;
			children = (
				0695A0BF2C7F3D090082DB7B /* StudentView.swift */,
			);
			path = Student;
			sourceTree = "<group>";
		};
		0695A0B62C7F3CD20082DB7B /* Teacher */ = {
			isa = PBXGroup;
			children = (
				0695A0BD2C7F3D000082DB7B /* TeacherView.swift */,
			);
			path = Teacher;
			sourceTree = "<group>";
		};
		0695A0B72C7F3CD80082DB7B /* Issue */ = {
			isa = PBXGroup;
			children = (
				0695A0BB2C7F3CF50082DB7B /* IssueView.swift */,
			);
			path = Issue;
			sourceTree = "<group>";
		};
		0695A0B82C7F3CDF0082DB7B /* Club */ = {
			isa = PBXGroup;
			children = (
				0695A0B92C7F3CEC0082DB7B /* ClubView.swift */,
			);
			path = Club;
			sourceTree = "<group>";
		};
/* End PBXGroup section */

/* Begin PBXNativeTarget section */
		064A242E2C79AD5B00387D3A /* GSwiki */ = {
			isa = PBXNativeTarget;
			buildConfigurationList = 064A243D2C79AD5D00387D3A /* Build configuration list for PBXNativeTarget "GSwiki" */;
			buildPhases = (
				064A242B2C79AD5B00387D3A /* Sources */,
				064A242C2C79AD5B00387D3A /* Frameworks */,
				064A242D2C79AD5B00387D3A /* Resources */,
			);
			buildRules = (
			);
			dependencies = (
			);
			name = GSwiki;
			productName = GSwiki;
			productReference = 064A242F2C79AD5B00387D3A /* GSwiki.app */;
			productType = "com.apple.product-type.application";
		};
/* End PBXNativeTarget section */

/* Begin PBXProject section */
		064A24272C79AD5B00387D3A /* Project object */ = {
			isa = PBXProject;
			attributes = {
				BuildIndependentTargetsInParallel = 1;
				LastSwiftUpdateCheck = 1540;
				LastUpgradeCheck = 1540;
				TargetAttributes = {
					064A242E2C79AD5B00387D3A = {
						CreatedOnToolsVersion = 15.4;
					};
				};
			};
			buildConfigurationList = 064A242A2C79AD5B00387D3A /* Build configuration list for PBXProject "GSwiki" */;
			compatibilityVersion = "Xcode 14.0";
			developmentRegion = en;
			hasScannedForEncodings = 0;
			knownRegions = (
				en,
				Base,
			);
			mainGroup = 064A24262C79AD5B00387D3A;
			productRefGroup = 064A24302C79AD5B00387D3A /* Products */;
			projectDirPath = "";
			projectRoot = "";
			targets = (
				064A242E2C79AD5B00387D3A /* GSwiki */,
			);
		};
/* End PBXProject section */

/* Begin PBXResourcesBuildPhase section */
		064A242D2C79AD5B00387D3A /* Resources */ = {
			isa = PBXResourcesBuildPhase;
			buildActionMask = 2147483647;
			files = (
				064A243A2C79AD5D00387D3A /* Preview Assets.xcassets in Resources */,
				064A24372C79AD5D00387D3A /* Assets.xcassets in Resources */,
			);
			runOnlyForDeploymentPostprocessing = 0;
		};
/* End PBXResourcesBuildPhase section */

/* Begin PBXSourcesBuildPhase section */
		064A242B2C79AD5B00387D3A /* Sources */ = {
			isa = PBXSourcesBuildPhase;
			buildActionMask = 2147483647;
			files = (
				064A24332C79AD5B00387D3A /* GSwikiApp.swift in Sources */,
				067A23DE2C85550300A209C5 /* MainView.swift in Sources */,
				0695A0BA2C7F3CEC0082DB7B /* ClubView.swift in Sources */,
				0695A0B02C7ED04B0082DB7B /* HomeViewModel.swift in Sources */,
				064A24432C7A1D3700387D3A /* HomeView.swift in Sources */,
				0695A0BC2C7F3CF50082DB7B /* IssueView.swift in Sources */,
				0695A0BE2C7F3D000082DB7B /* TeacherView.swift in Sources */,
				0695A0C02C7F3D090082DB7B /* StudentView.swift in Sources */,
				0695A0B42C7F343A0082DB7B /* Tab.swift in Sources */,
			);
			runOnlyForDeploymentPostprocessing = 0;
		};
/* End PBXSourcesBuildPhase section */

/* Begin XCBuildConfiguration section */
		064A243B2C79AD5D00387D3A /* Debug */ = {
			isa = XCBuildConfiguration;
			buildSettings = {
				ALWAYS_SEARCH_USER_PATHS = NO;
				ASSETCATALOG_COMPILER_GENERATE_SWIFT_ASSET_SYMBOL_EXTENSIONS = YES;
				CLANG_ANALYZER_NONNULL = YES;
				CLANG_ANALYZER_NUMBER_OBJECT_CONVERSION = YES_AGGRESSIVE;
				CLANG_CXX_LANGUAGE_STANDARD = "gnu++20";
				CLANG_ENABLE_MODULES = YES;
				CLANG_ENABLE_OBJC_ARC = YES;
				CLANG_ENABLE_OBJC_WEAK = YES;
				CLANG_WARN_BLOCK_CAPTURE_AUTORELEASING = YES;
				CLANG_WARN_BOOL_CONVERSION = YES;
				CLANG_WARN_COMMA = YES;
				CLANG_WARN_CONSTANT_CONVERSION = YES;
				CLANG_WARN_DEPRECATED_OBJC_IMPLEMENTATIONS = YES;
				CLANG_WARN_DIRECT_OBJC_ISA_USAGE = YES_ERROR;
				CLANG_WARN_DOCUMENTATION_COMMENTS = YES;
				CLANG_WARN_EMPTY_BODY = YES;
				CLANG_WARN_ENUM_CONVERSION = YES;
				CLANG_WARN_INFINITE_RECURSION = YES;
				CLANG_WARN_INT_CONVERSION = YES;
				CLANG_WARN_NON_LITERAL_NULL_CONVERSION = YES;
				CLANG_WARN_OBJC_IMPLICIT_RETAIN_SELF = YES;
				CLANG_WARN_OBJC_LITERAL_CONVERSION = YES;
				CLANG_WARN_OBJC_ROOT_CLASS = YES_ERROR;
				CLANG_WARN_QUOTED_INCLUDE_IN_FRAMEWORK_HEADER = YES;
				CLANG_WARN_RANGE_LOOP_ANALYSIS = YES;
				CLANG_WARN_STRICT_PROTOTYPES = YES;
				CLANG_WARN_SUSPICIOUS_MOVE = YES;
				CLANG_WARN_UNGUARDED_AVAILABILITY = YES_AGGRESSIVE;
				CLANG_WARN_UNREACHABLE_CODE = YES;
				CLANG_WARN__DUPLICATE_METHOD_MATCH = YES;
				COPY_PHASE_STRIP = NO;
				DEBUG_INFORMATION_FORMAT = dwarf;
				ENABLE_STRICT_OBJC_MSGSEND = YES;
				ENABLE_TESTABILITY = YES;
				ENABLE_USER_SCRIPT_SANDBOXING = YES;
				GCC_C_LANGUAGE_STANDARD = gnu17;
				GCC_DYNAMIC_NO_PIC = NO;
				GCC_NO_COMMON_BLOCKS = YES;
				GCC_OPTIMIZATION_LEVEL = 0;
				GCC_PREPROCESSOR_DEFINITIONS = (
					"DEBUG=1",
					"$(inherited)",
				);
				GCC_WARN_64_TO_32_BIT_CONVERSION = YES;
				GCC_WARN_ABOUT_RETURN_TYPE = YES_ERROR;
				GCC_WARN_UNDECLARED_SELECTOR = YES;
				GCC_WARN_UNINITIALIZED_AUTOS = YES_AGGRESSIVE;
				GCC_WARN_UNUSED_FUNCTION = YES;
				GCC_WARN_UNUSED_VARIABLE = YES;
				IPHONEOS_DEPLOYMENT_TARGET = 17.5;
				LOCALIZATION_PREFERS_STRING_CATALOGS = YES;
				MTL_ENABLE_DEBUG_INFO = INCLUDE_SOURCE;
				MTL_FAST_MATH = YES;
				ONLY_ACTIVE_ARCH = YES;
				SDKROOT = iphoneos;
				SWIFT_ACTIVE_COMPILATION_CONDITIONS = "DEBUG $(inherited)";
				SWIFT_OPTIMIZATION_LEVEL = "-Onone";
			};
			name = Debug;
		};
		064A243C2C79AD5D00387D3A /* Release */ = {
			isa = XCBuildConfiguration;
			buildSettings = {
				ALWAYS_SEARCH_USER_PATHS = NO;
				ASSETCATALOG_COMPILER_GENERATE_SWIFT_ASSET_SYMBOL_EXTENSIONS = YES;
				CLANG_ANALYZER_NONNULL = YES;
				CLANG_ANALYZER_NUMBER_OBJECT_CONVERSION = YES_AGGRESSIVE;
				CLANG_CXX_LANGUAGE_STANDARD = "gnu++20";
				CLANG_ENABLE_MODULES = YES;
				CLANG_ENABLE_OBJC_ARC = YES;
				CLANG_ENABLE_OBJC_WEAK = YES;
				CLANG_WARN_BLOCK_CAPTURE_AUTORELEASING = YES;
				CLANG_WARN_BOOL_CONVERSION = YES;
				CLANG_WARN_COMMA = YES;
				CLANG_WARN_CONSTANT_CONVERSION = YES;
				CLANG_WARN_DEPRECATED_OBJC_IMPLEMENTATIONS = YES;
				CLANG_WARN_DIRECT_OBJC_ISA_USAGE = YES_ERROR;
				CLANG_WARN_DOCUMENTATION_COMMENTS = YES;
				CLANG_WARN_EMPTY_BODY = YES;
				CLANG_WARN_ENUM_CONVERSION = YES;
				CLANG_WARN_INFINITE_RECURSION = YES;
				CLANG_WARN_INT_CONVERSION = YES;
				CLANG_WARN_NON_LITERAL_NULL_CONVERSION = YES;
				CLANG_WARN_OBJC_IMPLICIT_RETAIN_SELF = YES;
				CLANG_WARN_OBJC_LITERAL_CONVERSION = YES;
				CLANG_WARN_OBJC_ROOT_CLASS = YES_ERROR;
				CLANG_WARN_QUOTED_INCLUDE_IN_FRAMEWORK_HEADER = YES;
				CLANG_WARN_RANGE_LOOP_ANALYSIS = YES;
				CLANG_WARN_STRICT_PROTOTYPES = YES;
				CLANG_WARN_SUSPICIOUS_MOVE = YES;
				CLANG_WARN_UNGUARDED_AVAILABILITY = YES_AGGRESSIVE;
				CLANG_WARN_UNREACHABLE_CODE = YES;
				CLANG_WARN__DUPLICATE_METHOD_MATCH = YES;
				COPY_PHASE_STRIP = NO;
				DEBUG_INFORMATION_FORMAT = "dwarf-with-dsym";
				ENABLE_NS_ASSERTIONS = NO;
				ENABLE_STRICT_OBJC_MSGSEND = YES;
				ENABLE_USER_SCRIPT_SANDBOXING = YES;
				GCC_C_LANGUAGE_STANDARD = gnu17;
				GCC_NO_COMMON_BLOCKS = YES;
				GCC_WARN_64_TO_32_BIT_CONVERSION = YES;
				GCC_WARN_ABOUT_RETURN_TYPE = YES_ERROR;
				GCC_WARN_UNDECLARED_SELECTOR = YES;
				GCC_WARN_UNINITIALIZED_AUTOS = YES_AGGRESSIVE;
				GCC_WARN_UNUSED_FUNCTION = YES;
				GCC_WARN_UNUSED_VARIABLE = YES;
				IPHONEOS_DEPLOYMENT_TARGET = 17.5;
				LOCALIZATION_PREFERS_STRING_CATALOGS = YES;
				MTL_ENABLE_DEBUG_INFO = NO;
				MTL_FAST_MATH = YES;
				SDKROOT = iphoneos;
				SWIFT_COMPILATION_MODE = wholemodule;
				VALIDATE_PRODUCT = YES;
			};
			name = Release;
		};
		064A243E2C79AD5D00387D3A /* Debug */ = {
			isa = XCBuildConfiguration;
			buildSettings = {
				ASSETCATALOG_COMPILER_APPICON_NAME = AppIcon;
				ASSETCATALOG_COMPILER_GLOBAL_ACCENT_COLOR_NAME = AccentColor;
				CODE_SIGN_STYLE = Automatic;
				CURRENT_PROJECT_VERSION = 1;
				DEVELOPMENT_ASSET_PATHS = "\"GSwiki/Preview Content\"";
				ENABLE_PREVIEWS = YES;
				GENERATE_INFOPLIST_FILE = YES;
				INFOPLIST_KEY_UIApplicationSceneManifest_Generation = YES;
				INFOPLIST_KEY_UIApplicationSupportsIndirectInputEvents = YES;
				INFOPLIST_KEY_UILaunchScreen_Generation = YES;
				INFOPLIST_KEY_UISupportedInterfaceOrientations_iPad = "UIInterfaceOrientationPortrait UIInterfaceOrientationPortraitUpsideDown UIInterfaceOrientationLandscapeLeft UIInterfaceOrientationLandscapeRight";
				INFOPLIST_KEY_UISupportedInterfaceOrientations_iPhone = "UIInterfaceOrientationPortrait UIInterfaceOrientationLandscapeLeft UIInterfaceOrientationLandscapeRight";
				LD_RUNPATH_SEARCH_PATHS = (
					"$(inherited)",
					"@executable_path/Frameworks",
				);
				MARKETING_VERSION = 1.0;
				PRODUCT_BUNDLE_IDENTIFIER = study.GSwiki;
				PRODUCT_NAME = "$(TARGET_NAME)";
				SWIFT_EMIT_LOC_STRINGS = YES;
				SWIFT_VERSION = 5.0;
				TARGETED_DEVICE_FAMILY = "1,2";
			};
			name = Debug;
		};
		064A243F2C79AD5D00387D3A /* Release */ = {
			isa = XCBuildConfiguration;
			buildSettings = {
				ASSETCATALOG_COMPILER_APPICON_NAME = AppIcon;
				ASSETCATALOG_COMPILER_GLOBAL_ACCENT_COLOR_NAME = AccentColor;
				CODE_SIGN_STYLE = Automatic;
				CURRENT_PROJECT_VERSION = 1;
				DEVELOPMENT_ASSET_PATHS = "\"GSwiki/Preview Content\"";
				ENABLE_PREVIEWS = YES;
				GENERATE_INFOPLIST_FILE = YES;
				INFOPLIST_KEY_UIApplicationSceneManifest_Generation = YES;
				INFOPLIST_KEY_UIApplicationSupportsIndirectInputEvents = YES;
				INFOPLIST_KEY_UILaunchScreen_Generation = YES;
				INFOPLIST_KEY_UISupportedInterfaceOrientations_iPad = "UIInterfaceOrientationPortrait UIInterfaceOrientationPortraitUpsideDown UIInterfaceOrientationLandscapeLeft UIInterfaceOrientationLandscapeRight";
				INFOPLIST_KEY_UISupportedInterfaceOrientations_iPhone = "UIInterfaceOrientationPortrait UIInterfaceOrientationLandscapeLeft UIInterfaceOrientationLandscapeRight";
				LD_RUNPATH_SEARCH_PATHS = (
					"$(inherited)",
					"@executable_path/Frameworks",
				);
				MARKETING_VERSION = 1.0;
				PRODUCT_BUNDLE_IDENTIFIER = study.GSwiki;
				PRODUCT_NAME = "$(TARGET_NAME)";
				SWIFT_EMIT_LOC_STRINGS = YES;
				SWIFT_VERSION = 5.0;
				TARGETED_DEVICE_FAMILY = "1,2";
			};
			name = Release;
		};
/* End XCBuildConfiguration section */

/* Begin XCConfigurationList section */
		064A242A2C79AD5B00387D3A /* Build configuration list for PBXProject "GSwiki" */ = {
			isa = XCConfigurationList;
			buildConfigurations = (
				064A243B2C79AD5D00387D3A /* Debug */,
				064A243C2C79AD5D00387D3A /* Release */,
			);
			defaultConfigurationIsVisible = 0;
			defaultConfigurationName = Release;
		};
		064A243D2C79AD5D00387D3A /* Build configuration list for PBXNativeTarget "GSwiki" */ = {
			isa = XCConfigurationList;
			buildConfigurations = (
				064A243E2C79AD5D00387D3A /* Debug */,
				064A243F2C79AD5D00387D3A /* Release */,
			);
			defaultConfigurationIsVisible = 0;
			defaultConfigurationName = Release;
		};
/* End XCConfigurationList section */
	};
	rootObject = 064A24272C79AD5B00387D3A /* Project object */;
}
